
Microsoft Visual Studio Solution File, Format Version 11.00
# Visual Studio 2010
Project("{FAE04EC0-301F-11D3-BF4B-00C04F79EFBC}") = "WF_Chapter10", "WF_Chapter10\WF_Chapter10.csproj", "{56307B2B-78E6-4355-8CB8-935A9EC921CD}"
EndProject
Global
	GlobalSection(SolutionConfigurationPlatforms) = preSolution
		Debug|Any CPU = Debug|Any CPU
		Release|Any CPU = Release|Any CPU
	EndGlobalSection
	GlobalSection(ProjectConfigurationPlatforms) = postSolution
		{56307B2B-78E6-4355-8CB8-935A9EC921CD}.Debug|Any CPU.ActiveCfg = Debug|Any CPU
		{56307B2B-78E6-4355-8CB8-935A9EC921CD}.Debug|Any CPU.Build.0 = Debug|Any CPU
		{56307B2B-78E6-4355-8CB8-935A9EC921CD}.Debug|Any CPU.Deploy.0 = Debug|Any CPU
		{56307B2B-78E6-4355-8CB8-935A9EC921CD}.Release|Any CPU.ActiveCfg = Release|Any CPU
		{56307B2B-78E6-4355-8CB8-935A9EC921CD}.Release|Any CPU.Build.0 = Release|Any CPU
		{56307B2B-78E6-4355-8CB8-935A9EC921CD}.Release|Any CPU.Deploy.0 = Release|Any CPU
	EndGlobalSection
	GlobalSection(SolutionProperties) = preSolution
		HideSolutionNode = FALSE
	EndGlobalSection
EndGlobal
